
Microsoft Visual Studio Solution File, Format Version 12.00
# Visual Studio Version 17
VisualStudioVersion = 17.6.33815.320
MinimumVisualStudioVersion = 10.0.40219.1
Project("{FAE04EC0-301F-11D3-BF4B-00C04F79EFBC}") = "Assignment", "Assignment\Assignment.csproj", "{03D10497-BB4D-4F9F-AF31-29F2FA883F41}"
EndProject
Global
	GlobalSection(SolutionConfigurationPlatforms) = preSolution
		Debug|Any CPU = Debug|Any CPU
		Release|Any CPU = Release|Any CPU
	EndGlobalSection
	GlobalSection(ProjectConfigurationPlatforms) = postSolution
		{03D10497-BB4D-4F9F-AF31-29F2FA883F41}.Debug|Any CPU.ActiveCfg = Debug|Any CPU
		{03D10497-BB4D-4F9F-AF31-29F2FA883F41}.Debug|Any CPU.Build.0 = Debug|Any CPU
		{03D10497-BB4D-4F9F-AF31-29F2FA883F41}.Release|Any CPU.ActiveCfg = Release|Any CPU
		{03D10497-BB4D-4F9F-AF31-29F2FA883F41}.Release|Any CPU.Build.0 = Release|Any CPU
	EndGlobalSection
	GlobalSection(SolutionProperties) = preSolution
		HideSolutionNode = FALSE
	EndGlobalSection
	GlobalSection(ExtensibilityGlobals) = postSolution
		SolutionGuid = {7DA0CDB1-86C9-4323-BC18-59A39FD7C088}
	EndGlobalSection
EndGlobal
